// !$*UTF8*$!
{
	archiveVersion = 1;
	classes = {
	};
	objectVersion = 56;
	objects = {

/* Begin PBXBuildFile section */
		B2421B8B29BB13600022E7D0 /* rouletteApp.swift in Sources */ = {isa = PBXBuildFile; fileRef = B2421B8A29BB13600022E7D0 /* rouletteApp.swift */; };
		B2421B8D29BB13600022E7D0 /* ContentView.swift in Sources */ = {isa = PBXBuildFile; fileRef = B2421B8C29BB13600022E7D0 /* ContentView.swift */; };
		B2421B8F29BB13610022E7D0 /* Assets.xcassets in Resources */ = {isa = PBXBuildFile; fileRef = B2421B8E29BB13610022E7D0 /* Assets.xcassets */; };
		B2421B9229BB13610022E7D0 /* Preview Assets.xcassets in Resources */ = {isa = PBXBuildFile; fileRef = B2421B9129BB13610022E7D0 /* Preview Assets.xcassets */; };
		B2421B9D29C0D1640022E7D0 /* BlockInfo.swift in Sources */ = {isa = PBXBuildFile; fileRef = B2421B9C29C0D1640022E7D0 /* BlockInfo.swift */; };
		B2421B9F29C0D2170022E7D0 /* Block_button.swift in Sources */ = {isa = PBXBuildFile; fileRef = B2421B9E29C0D2170022E7D0 /* Block_button.swift */; };
		B2421BA129C0F3AE0022E7D0 /* option.swift in Sources */ = {isa = PBXBuildFile; fileRef = B2421BA029C0F3AE0022E7D0 /* option.swift */; };
		B2421BA329C0F4130022E7D0 /* amount.swift in Sources */ = {isa = PBXBuildFile; fileRef = B2421BA229C0F4130022E7D0 /* amount.swift */; };
		B2421BA529C108440022E7D0 /* Chip_button.swift in Sources */ = {isa = PBXBuildFile; fileRef = B2421BA429C108440022E7D0 /* Chip_button.swift */; };
/* End PBXBuildFile section */

/* Begin PBXFileReference section */
		B2421B8729BB13600022E7D0 /* roulette.app */ = {isa = PBXFileReference; explicitFileType = wrapper.application; includeInIndex = 0; path = roulette.app; sourceTree = BUILT_PRODUCTS_DIR; };
		B2421B8A29BB13600022E7D0 /* rouletteApp.swift */ = {isa = PBXFileReference; lastKnownFileType = sourcecode.swift; path = rouletteApp.swift; sourceTree = "<group>"; };
		B2421B8C29BB13600022E7D0 /* ContentView.swift */ = {isa = PBXFileReference; lastKnownFileType = sourcecode.swift; path = ContentView.swift; sourceTree = "<group>"; };
		B2421B8E29BB13610022E7D0 /* Assets.xcassets */ = {isa = PBXFileReference; lastKnownFileType = folder.assetcatalog; path = Assets.xcassets; sourceTree = "<group>"; };
		B2421B9129BB13610022E7D0 /* Preview Assets.xcassets */ = {isa = PBXFileReference; lastKnownFileType = folder.assetcatalog; path = "Preview Assets.xcassets"; sourceTree = "<group>"; };
		B2421B9C29C0D1640022E7D0 /* BlockInfo.swift */ = {isa = PBXFileReference; lastKnownFileType = sourcecode.swift; path = BlockInfo.swift; sourceTree = "<group>"; };
		B2421B9E29C0D2170022E7D0 /* Block_button.swift */ = {isa = PBXFileReference; lastKnownFileType = sourcecode.swift; path = Block_button.swift; sourceTree = "<group>"; };
		B2421BA029C0F3AE0022E7D0 /* option.swift */ = {isa = PBXFileReference; lastKnownFileType = sourcecode.swift; path = option.swift; sourceTree = "<group>"; };
		B2421BA229C0F4130022E7D0 /* amount.swift */ = {isa = PBXFileReference; lastKnownFileType = sourcecode.swift; path = amount.swift; sourceTree = "<group>"; };
		B2421BA429C108440022E7D0 /* Chip_button.swift */ = {isa = PBXFileReference; lastKnownFileType = sourcecode.swift; path = Chip_button.swift; sourceTree = "<group>"; };
/* End PBXFileReference section */

/* Begin PBXFrameworksBuildPhase section */
		B2421B8429BB13600022E7D0 /* Frameworks */ = {
			isa = PBXFrameworksBuildPhase;
			buildActionMask = 2147483647;
			files = (
			);
			runOnlyForDeploymentPostprocessing = 0;
		};
/* End PBXFrameworksBuildPhase section */

/* Begin PBXGroup section */
		B2421B7E29BB13600022E7D0 = {
			isa = PBXGroup;
			children = (
				B2421B8929BB13600022E7D0 /* roulette */,
				B2421B8829BB13600022E7D0 /* Products */,
			);
			sourceTree = "<group>";
		};
		B2421B8829BB13600022E7D0 /* Products */ = {
			isa = PBXGroup;
			children = (
				B2421B8729BB13600022E7D0 /* roulette.app */,
			);
			name = Products;
			sourceTree = "<group>";
		};
		B2421B8929BB13600022E7D0 /* roulette */ = {
			isa = PBXGroup;
			children = (
				B2421B8A29BB13600022E7D0 /* rouletteApp.swift */,
				B2421B8C29BB13600022E7D0 /* ContentView.swift */,
				B2421BA429C108440022E7D0 /* Chip_button.swift */,
				B2421B9C29C0D1640022E7D0 /* BlockInfo.swift */,
				B2421B9E29C0D2170022E7D0 /* Block_button.swift */,
				B2421BA229C0F4130022E7D0 /* amount.swift */,
				B2421BA029C0F3AE0022E7D0 /* option.swift */,
				B2421B8E29BB13610022E7D0 /* Assets.xcassets */,
				B2421B9029BB13610022E7D0 /* Preview Content */,
			);
			path = roulette;
			sourceTree = "<group>";
		};
		B2421B9029BB13610022E7D0 /* Preview Content */ = {
			isa = PBXGroup;
			children = (
				B2421B9129BB13610022E7D0 /* Preview Assets.xcassets */,
			);
			path = "Preview Content";
			sourceTree = "<group>";
		};
/* End PBXGroup section */

/* Begin PBXNativeTarget section */
		B2421B8629BB13600022E7D0 /* roulette */ = {
			isa = PBXNativeTarget;
			buildConfigurationList = B2421B9529BB13610022E7D0 /* Build configuration list for PBXNativeTarget "roulette" */;
			buildPhases = (
				B2421B8329BB13600022E7D0 /* Sources */,
				B2421B8429BB13600022E7D0 /* Frameworks */,
				B2421B8529BB13600022E7D0 /* Resources */,
			);
			buildRules = (
			);
			dependencies = (
			);
			name = roulette;
			productName = roulette;
			productReference = B2421B8729BB13600022E7D0 /* roulette.app */;
			productType = "com.apple.product-type.application";
		};
/* End PBXNativeTarget section */

/* Begin PBXProject section */
		B2421B7F29BB13600022E7D0 /* Project object */ = {
			isa = PBXProject;
			attributes = {
				BuildIndependentTargetsInParallel = 1;
				LastSwiftUpdateCheck = 1420;
				LastUpgradeCheck = 1420;
				TargetAttributes = {
					B2421B8629BB13600022E7D0 = {
						CreatedOnToolsVersion = 14.2;
					};
				};
			};
			buildConfigurationList = B2421B8229BB13600022E7D0 /* Build configuration list for PBXProject "roulette" */;
			compatibilityVersion = "Xcode 14.0";
			developmentRegion = en;
			hasScannedForEncodings = 0;
			knownRegions = (
				en,
				Base,
			);
			mainGroup = B2421B7E29BB13600022E7D0;
			productRefGroup = B2421B8829BB13600022E7D0 /* Products */;
			projectDirPath = "";
			projectRoot = "";
			targets = (
				B2421B8629BB13600022E7D0 /* roulette */,
			);
		};
/* End PBXProject section */

/* Begin PBXResourcesBuildPhase section */
		B2421B8529BB13600022E7D0 /* Resources */ = {
			isa = PBXResourcesBuildPhase;
			buildActionMask = 2147483647;
			files = (
				B2421B9229BB13610022E7D0 /* Preview Assets.xcassets in Resources */,
				B2421B8F29BB13610022E7D0 /* Assets.xcassets in Resources */,
			);
			runOnlyForDeploymentPostprocessing = 0;
		};
/* End PBXResourcesBuildPhase section */

/* Begin PBXSourcesBuildPhase section */
		B2421B8329BB13600022E7D0 /* Sources */ = {
			isa = PBXSourcesBuildPhase;
			buildActionMask = 2147483647;
			files = (
				B2421BA529C108440022E7D0 /* Chip_button.swift in Sources */,
				B2421B8D29BB13600022E7D0 /* ContentView.swift in Sources */,
				B2421B9D29C0D1640022E7D0 /* BlockInfo.swift in Sources */,
				B2421BA129C0F3AE0022E7D0 /* option.swift in Sources */,
				B2421BA329C0F4130022E7D0 /* amount.swift in Sources */,
				B2421B8B29BB13600022E7D0 /* rouletteApp.swift in Sources */,
				B2421B9F29C0D2170022E7D0 /* Block_button.swift in Sources */,
			);
			runOnlyForDeploymentPostprocessing = 0;
		};
/* End PBXSourcesBuildPhase section */

/* Begin XCBuildConfiguration section */
		B2421B9329BB13610022E7D0 /* Debug */ = {
			isa = XCBuildConfiguration;
			buildSettings = {
				ALWAYS_SEARCH_USER_PATHS = NO;
				CLANG_ANALYZER_NONNULL = YES;
				CLANG_ANALYZER_NUMBER_OBJECT_CONVERSION = YES_AGGRESSIVE;
				CLANG_CXX_LANGUAGE_STANDARD = "gnu++20";
				CLANG_ENABLE_MODULES = YES;
				CLANG_ENABLE_OBJC_ARC = YES;
				CLANG_ENABLE_OBJC_WEAK = YES;
				CLANG_WARN_BLOCK_CAPTURE_AUTORELEASING = YES;
				CLANG_WARN_BOOL_CONVERSION = YES;
				CLANG_WARN_COMMA = YES;
				CLANG_WARN_CONSTANT_CONVERSION = YES;
				CLANG_WARN_DEPRECATED_OBJC_IMPLEMENTATIONS = YES;
				CLANG_WARN_DIRECT_OBJC_ISA_USAGE = YES_ERROR;
				CLANG_WARN_DOCUMENTATION_COMMENTS = YES;
				CLANG_WARN_EMPTY_BODY = YES;
				CLANG_WARN_ENUM_CONVERSION = YES;
				CLANG_WARN_INFINITE_RECURSION = YES;
				CLANG_WARN_INT_CONVERSION = YES;
				CLANG_WARN_NON_LITERAL_NULL_CONVERSION = YES;
				CLANG_WARN_OBJC_IMPLICIT_RETAIN_SELF = YES;
				CLANG_WARN_OBJC_LITERAL_CONVERSION = YES;
				CLANG_WARN_OBJC_ROOT_CLASS = YES_ERROR;
				CLANG_WARN_QUOTED_INCLUDE_IN_FRAMEWORK_HEADER = YES;
				CLANG_WARN_RANGE_LOOP_ANALYSIS = YES;
				CLANG_WARN_STRICT_PROTOTYPES = YES;
				CLANG_WARN_SUSPICIOUS_MOVE = YES;
				CLANG_WARN_UNGUARDED_AVAILABILITY = YES_AGGRESSIVE;
				CLANG_WARN_UNREACHABLE_CODE = YES;
				CLANG_WARN__DUPLICATE_METHOD_MATCH = YES;
				COPY_PHASE_STRIP = NO;
				DEBUG_INFORMATION_FORMAT = dwarf;
				ENABLE_STRICT_OBJC_MSGSEND = YES;
				ENABLE_TESTABILITY = YES;
				GCC_C_LANGUAGE_STANDARD = gnu11;
				GCC_DYNAMIC_NO_PIC = NO;
				GCC_NO_COMMON_BLOCKS = YES;
				GCC_OPTIMIZATION_LEVEL = 0;
				GCC_PREPROCESSOR_DEFINITIONS = (
					"DEBUG=1",
					"$(inherited)",
				);
				GCC_WARN_64_TO_32_BIT_CONVERSION = YES;
				GCC_WARN_ABOUT_RETURN_TYPE = YES_ERROR;
				GCC_WARN_UNDECLARED_SELECTOR = YES;
				GCC_WARN_UNINITIALIZED_AUTOS = YES_AGGRESSIVE;
				GCC_WARN_UNUSED_FUNCTION = YES;
				GCC_WARN_UNUSED_VARIABLE = YES;
				IPHONEOS_DEPLOYMENT_TARGET = 16.2;
				MTL_ENABLE_DEBUG_INFO = INCLUDE_SOURCE;
				MTL_FAST_MATH = YES;
				ONLY_ACTIVE_ARCH = YES;
				SDKROOT = iphoneos;
				SWIFT_ACTIVE_COMPILATION_CONDITIONS = DEBUG;
				SWIFT_OPTIMIZATION_LEVEL = "-Onone";
			};
			name = Debug;
		};
		B2421B9429BB13610022E7D0 /* Release */ = {
			isa = XCBuildConfiguration;
			buildSettings = {
				ALWAYS_SEARCH_USER_PATHS = NO;
				CLANG_ANALYZER_NONNULL = YES;
				CLANG_ANALYZER_NUMBER_OBJECT_CONVERSION = YES_AGGRESSIVE;
				CLANG_CXX_LANGUAGE_STANDARD = "gnu++20";
				CLANG_ENABLE_MODULES = YES;
				CLANG_ENABLE_OBJC_ARC = YES;
				CLANG_ENABLE_OBJC_WEAK = YES;
				CLANG_WARN_BLOCK_CAPTURE_AUTORELEASING = YES;
				CLANG_WARN_BOOL_CONVERSION = YES;
				CLANG_WARN_COMMA = YES;
				CLANG_WARN_CONSTANT_CONVERSION = YES;
				CLANG_WARN_DEPRECATED_OBJC_IMPLEMENTATIONS = YES;
				CLANG_WARN_DIRECT_OBJC_ISA_USAGE = YES_ERROR;
				CLANG_WARN_DOCUMENTATION_COMMENTS = YES;
				CLANG_WARN_EMPTY_BODY = YES;
				CLANG_WARN_ENUM_CONVERSION = YES;
				CLANG_WARN_INFINITE_RECURSION = YES;
				CLANG_WARN_INT_CONVERSION = YES;
				CLANG_WARN_NON_LITERAL_NULL_CONVERSION = YES;
				CLANG_WARN_OBJC_IMPLICIT_RETAIN_SELF = YES;
				CLANG_WARN_OBJC_LITERAL_CONVERSION = YES;
				CLANG_WARN_OBJC_ROOT_CLASS = YES_ERROR;
				CLANG_WARN_QUOTED_INCLUDE_IN_FRAMEWORK_HEADER = YES;
				CLANG_WARN_RANGE_LOOP_ANALYSIS = YES;
				CLANG_WARN_STRICT_PROTOTYPES = YES;
				CLANG_WARN_SUSPICIOUS_MOVE = YES;
				CLANG_WARN_UNGUARDED_AVAILABILITY = YES_AGGRESSIVE;
				CLANG_WARN_UNREACHABLE_CODE = YES;
				CLANG_WARN__DUPLICATE_METHOD_MATCH = YES;
				COPY_PHASE_STRIP = NO;
				DEBUG_INFORMATION_FORMAT = "dwarf-with-dsym";
				ENABLE_NS_ASSERTIONS = NO;
				ENABLE_STRICT_OBJC_MSGSEND = YES;
				GCC_C_LANGUAGE_STANDARD = gnu11;
				GCC_NO_COMMON_BLOCKS = YES;
				GCC_WARN_64_TO_32_BIT_CONVERSION = YES;
				GCC_WARN_ABOUT_RETURN_TYPE = YES_ERROR;
				GCC_WARN_UNDECLARED_SELECTOR = YES;
				GCC_WARN_UNINITIALIZED_AUTOS = YES_AGGRESSIVE;
				GCC_WARN_UNUSED_FUNCTION = YES;
				GCC_WARN_UNUSED_VARIABLE = YES;
				IPHONEOS_DEPLOYMENT_TARGET = 16.2;
				MTL_ENABLE_DEBUG_INFO = NO;
				MTL_FAST_MATH = YES;
				SDKROOT = iphoneos;
				SWIFT_COMPILATION_MODE = wholemodule;
				SWIFT_OPTIMIZATION_LEVEL = "-O";
				VALIDATE_PRODUCT = YES;
			};
			name = Release;
		};
		B2421B9629BB13610022E7D0 /* Debug */ = {
			isa = XCBuildConfiguration;
			buildSettings = {
				ASSETCATALOG_COMPILER_APPICON_NAME = AppIcon;
				ASSETCATALOG_COMPILER_GLOBAL_ACCENT_COLOR_NAME = AccentColor;
				CODE_SIGN_STYLE = Automatic;
				CURRENT_PROJECT_VERSION = 1;
				DEVELOPMENT_ASSET_PATHS = "\"roulette/Preview Content\"";
				ENABLE_PREVIEWS = YES;
				GENERATE_INFOPLIST_FILE = YES;
				INFOPLIST_KEY_UIApplicationSceneManifest_Generation = YES;
				INFOPLIST_KEY_UIApplicationSupportsIndirectInputEvents = YES;
				INFOPLIST_KEY_UILaunchScreen_Generation = YES;
				INFOPLIST_KEY_UISupportedInterfaceOrientations_iPad = "UIInterfaceOrientationPortrait UIInterfaceOrientationPortraitUpsideDown UIInterfaceOrientationLandscapeLeft UIInterfaceOrientationLandscapeRight";
				INFOPLIST_KEY_UISupportedInterfaceOrientations_iPhone = "UIInterfaceOrientationPortrait UIInterfaceOrientationLandscapeLeft UIInterfaceOrientationLandscapeRight";
				LD_RUNPATH_SEARCH_PATHS = (
					"$(inherited)",
					"@executable_path/Frameworks",
				);
				MARKETING_VERSION = 1.0;
				PRODUCT_BUNDLE_IDENTIFIER = com.Ace.roulette;
				PRODUCT_NAME = "$(TARGET_NAME)";
				SWIFT_EMIT_LOC_STRINGS = YES;
				SWIFT_VERSION = 5.0;
				TARGETED_DEVICE_FAMILY = "1,2";
			};
			name = Debug;
		};
		B2421B9729BB13610022E7D0 /* Release */ = {
			isa = XCBuildConfiguration;
			buildSettings = {
				ASSETCATALOG_COMPILER_APPICON_NAME = AppIcon;
				ASSETCATALOG_COMPILER_GLOBAL_ACCENT_COLOR_NAME = AccentColor;
				CODE_SIGN_STYLE = Automatic;
				CURRENT_PROJECT_VERSION = 1;
				DEVELOPMENT_ASSET_PATHS = "\"roulette/Preview Content\"";
				ENABLE_PREVIEWS = YES;
				GENERATE_INFOPLIST_FILE = YES;
				INFOPLIST_KEY_UIApplicationSceneManifest_Generation = YES;
				INFOPLIST_KEY_UIApplicationSupportsIndirectInputEvents = YES;
				INFOPLIST_KEY_UILaunchScreen_Generation = YES;
				INFOPLIST_KEY_UISupportedInterfaceOrientations_iPad = "UIInterfaceOrientationPortrait UIInterfaceOrientationPortraitUpsideDown UIInterfaceOrientationLandscapeLeft UIInterfaceOrientationLandscapeRight";
				INFOPLIST_KEY_UISupportedInterfaceOrientations_iPhone = "UIInterfaceOrientationPortrait UIInterfaceOrientationLandscapeLeft UIInterfaceOrientationLandscapeRight";
				LD_RUNPATH_SEARCH_PATHS = (
					"$(inherited)",
					"@executable_path/Frameworks",
				);
				MARKETING_VERSION = 1.0;
				PRODUCT_BUNDLE_IDENTIFIER = com.Ace.roulette;
				PRODUCT_NAME = "$(TARGET_NAME)";
				SWIFT_EMIT_LOC_STRINGS = YES;
				SWIFT_VERSION = 5.0;
				TARGETED_DEVICE_FAMILY = "1,2";
			};
			name = Release;
		};
/* End XCBuildConfiguration section */

/* Begin XCConfigurationList section */
		B2421B8229BB13600022E7D0 /* Build configuration list for PBXProject "roulette" */ = {
			isa = XCConfigurationList;
			buildConfigurations = (
				B2421B9329BB13610022E7D0 /* Debug */,
				B2421B9429BB13610022E7D0 /* Release */,
			);
			defaultConfigurationIsVisible = 0;
			defaultConfigurationName = Release;
		};
		B2421B9529BB13610022E7D0 /* Build configuration list for PBXNativeTarget "roulette" */ = {
			isa = XCConfigurationList;
			buildConfigurations = (
				B2421B9629BB13610022E7D0 /* Debug */,
				B2421B9729BB13610022E7D0 /* Release */,
			);
			defaultConfigurationIsVisible = 0;
			defaultConfigurationName = Release;
		};
/* End XCConfigurationList section */
	};
	rootObject = B2421B7F29BB13600022E7D0 /* Project object */;
}
